github.com/streadway/amqp v1.1.0 h1:py12iX8XSyI7aN/3dUT8DFIDJazNJsVJdxNVEpnQTZM=
github.com/streadway/amqp v1.1.0/go.mod h1:WYSrTEYHOXHd0nwFeUXAe2G2hRnQT+deZJJf88uS9Bg=
github.com/tcolgate/mp3 v0.0.0-20170426193717-e79c5a46d300 h1:XQdibLKagjdevRB6vAjVY4qbSr8rQ610YzTkWcxzxSI=
github.com/tcolgate/mp3 v0.0.0-20170426193717-e79c5a46d300/go.mod h1:FNa/dfN95vAYCNFrIKRrlRo+MBLbwmR9Asa5f2ljmBI=
